
Microsoft Visual Studio Solution File, Format Version 12.00
# Visual Studio Version 17
VisualStudioVersion = 17.13.35825.156 d17.13
MinimumVisualStudioVersion = 10.0.40219.1
Project("{FAE04EC0-301F-11D3-BF4B-00C04F79EFBC}") = "QLDRail", "QLDRail.csproj", "{891A68A3-5636-4100-AD9E-AB0083B80719}"
EndProject
Global
	GlobalSection(SolutionConfigurationPlatforms) = preSolution
		Debug|Any CPU = Debug|Any CPU
		Release|Any CPU = Release|Any CPU
	EndGlobalSection
	GlobalSection(ProjectConfigurationPlatforms) = postSolution
		{891A68A3-5636-4100-AD9E-AB0083B80719}.Debug|Any CPU.ActiveCfg = Debug|Any CPU
		{891A68A3-5636-4100-AD9E-AB0083B80719}.Debug|Any CPU.Build.0 = Debug|Any CPU
		{891A68A3-5636-4100-AD9E-AB0083B80719}.Release|Any CPU.ActiveCfg = Release|Any CPU
		{891A68A3-5636-4100-AD9E-AB0083B80719}.Release|Any CPU.Build.0 = Release|Any CPU
	EndGlobalSection
	GlobalSection(SolutionProperties) = preSolution
		HideSolutionNode = FALSE
	EndGlobalSection
	GlobalSection(ExtensibilityGlobals) = postSolution
		SolutionGuid = {079D7D0A-47A5-4DD0-8C12-697176BF2410}
	EndGlobalSection
EndGlobal
